// !$*UTF8*$!
{
	archiveVersion = 1;
	classes = {
	};
	objectVersion = 50;
	objects = {

/* Begin PBXBuildFile section */
		538DA96D2429824A00E0E7EB /* AppDelegate.swift in Sources */ = {isa = PBXBuildFile; fileRef = 538DA96C2429824A00E0E7EB /* AppDelegate.swift */; };
		538DA96F2429824A00E0E7EB /* SceneDelegate.swift in Sources */ = {isa = PBXBuildFile; fileRef = 538DA96E2429824A00E0E7EB /* SceneDelegate.swift */; };
		538DA9712429824A00E0E7EB /* ContentView.swift in Sources */ = {isa = PBXBuildFile; fileRef = 538DA9702429824A00E0E7EB /* ContentView.swift */; };
		538DA9732429824C00E0E7EB /* Assets.xcassets in Resources */ = {isa = PBXBuildFile; fileRef = 538DA9722429824C00E0E7EB /* Assets.xcassets */; };
		538DA9762429824C00E0E7EB /* Preview Assets.xcassets in Resources */ = {isa = PBXBuildFile; fileRef = 538DA9752429824C00E0E7EB /* Preview Assets.xcassets */; };
		538DA9792429824C00E0E7EB /* LaunchScreen.storyboard in Resources */ = {isa = PBXBuildFile; fileRef = 538DA9772429824C00E0E7EB /* LaunchScreen.storyboard */; };
		53B7967F2429A6C900F6322A /* ListViewController.swift in Sources */ = {isa = PBXBuildFile; fileRef = 53B7967E2429A6C900F6322A /* ListViewController.swift */; };
		53B796812429A7CC00F6322A /* ListView.swift in Sources */ = {isa = PBXBuildFile; fileRef = 53B796802429A7CC00F6322A /* ListView.swift */; };
		53B79683242AE03500F6322A /* Color+Extension.swift in Sources */ = {isa = PBXBuildFile; fileRef = 53B79682242AE03500F6322A /* Color+Extension.swift */; };
		53B79685242AE33400F6322A /* AddRuleView.swift in Sources */ = {isa = PBXBuildFile; fileRef = 53B79684242AE33400F6322A /* AddRuleView.swift */; };
		53B79687242AE49200F6322A /* PrimaryButton.swift in Sources */ = {isa = PBXBuildFile; fileRef = 53B79686242AE49200F6322A /* PrimaryButton.swift */; };
/* End PBXBuildFile section */

/* Begin PBXFileReference section */
		538DA9692429824A00E0E7EB /* SwiftUIByExample.app */ = {isa = PBXFileReference; explicitFileType = wrapper.application; includeInIndex = 0; path = SwiftUIByExample.app; sourceTree = BUILT_PRODUCTS_DIR; };
		538DA96C2429824A00E0E7EB /* AppDelegate.swift */ = {isa = PBXFileReference; lastKnownFileType = sourcecode.swift; path = AppDelegate.swift; sourceTree = "<group>"; };
		538DA96E2429824A00E0E7EB /* SceneDelegate.swift */ = {isa = PBXFileReference; lastKnownFileType = sourcecode.swift; path = SceneDelegate.swift; sourceTree = "<group>"; };
		538DA9702429824A00E0E7EB /* ContentView.swift */ = {isa = PBXFileReference; lastKnownFileType = sourcecode.swift; path = ContentView.swift; sourceTree = "<group>"; };
		538DA9722429824C00E0E7EB /* Assets.xcassets */ = {isa = PBXFileReference; lastKnownFileType = folder.assetcatalog; path = Assets.xcassets; sourceTree = "<group>"; };
		538DA9752429824C00E0E7EB /* Preview Assets.xcassets */ = {isa = PBXFileReference; lastKnownFileType = folder.assetcatalog; path = "Preview Assets.xcassets"; sourceTree = "<group>"; };
		538DA9782429824C00E0E7EB /* Base */ = {isa = PBXFileReference; lastKnownFileType = file.storyboard; name = Base; path = Base.lproj/LaunchScreen.storyboard; sourceTree = "<group>"; };
		538DA97A2429824C00E0E7EB /* Info.plist */ = {isa = PBXFileReference; lastKnownFileType = text.plist.xml; path = Info.plist; sourceTree = "<group>"; };
		53B7967E2429A6C900F6322A /* ListViewController.swift */ = {isa = PBXFileReference; lastKnownFileType = sourcecode.swift; path = ListViewController.swift; sourceTree = "<group>"; };
		53B796802429A7CC00F6322A /* ListView.swift */ = {isa = PBXFileReference; lastKnownFileType = sourcecode.swift; path = ListView.swift; sourceTree = "<group>"; };
		53B79682242AE03500F6322A /* Color+Extension.swift */ = {isa = PBXFileReference; lastKnownFileType = sourcecode.swift; path = "Color+Extension.swift"; sourceTree = "<group>"; };
		53B79684242AE33400F6322A /* AddRuleView.swift */ = {isa = PBXFileReference; lastKnownFileType = sourcecode.swift; path = AddRuleView.swift; sourceTree = "<group>"; };
		53B79686242AE49200F6322A /* PrimaryButton.swift */ = {isa = PBXFileReference; lastKnownFileType = sourcecode.swift; path = PrimaryButton.swift; sourceTree = "<group>"; };
/* End PBXFileReference section */

/* Begin PBXFrameworksBuildPhase section */
		538DA9662429824A00E0E7EB /* Frameworks */ = {
			isa = PBXFrameworksBuildPhase;
			buildActionMask = 2147483647;
			files = (
			);
			runOnlyForDeploymentPostprocessing = 0;
		};
/* End PBXFrameworksBuildPhase section */

/* Begin PBXGroup section */
		538DA9602429824A00E0E7EB = {
			isa = PBXGroup;
			children = (
				538DA96B2429824A00E0E7EB /* SwiftUIByExample */,
				538DA96A2429824A00E0E7EB /* Products */,
			);
			sourceTree = "<group>";
		};
		538DA96A2429824A00E0E7EB /* Products */ = {
			isa = PBXGroup;
			children = (
				538DA9692429824A00E0E7EB /* SwiftUIByExample.app */,
			);
			name = Products;
			sourceTree = "<group>";
		};
		538DA96B2429824A00E0E7EB /* SwiftUIByExample */ = {
			isa = PBXGroup;
			children = (
				538DA96C2429824A00E0E7EB /* AppDelegate.swift */,
				538DA96E2429824A00E0E7EB /* SceneDelegate.swift */,
				538DA9702429824A00E0E7EB /* ContentView.swift */,
				53B79684242AE33400F6322A /* AddRuleView.swift */,
				53B7967E2429A6C900F6322A /* ListViewController.swift */,
				53B796802429A7CC00F6322A /* ListView.swift */,
				53B79682242AE03500F6322A /* Color+Extension.swift */,
				53B79686242AE49200F6322A /* PrimaryButton.swift */,
				538DA9722429824C00E0E7EB /* Assets.xcassets */,
				538DA9772429824C00E0E7EB /* LaunchScreen.storyboard */,
				538DA97A2429824C00E0E7EB /* Info.plist */,
				538DA9742429824C00E0E7EB /* Preview Content */,
			);
			path = SwiftUIByExample;
			sourceTree = "<group>";
		};
		538DA9742429824C00E0E7EB /* Preview Content */ = {
			isa = PBXGroup;
			children = (
				538DA9752429824C00E0E7EB /* Preview Assets.xcassets */,
			);
			path = "Preview Content";
			sourceTree = "<group>";
		};
/* End PBXGroup section */

/* Begin PBXNativeTarget section */
		538DA9682429824A00E0E7EB /* SwiftUIByExample */ = {
			isa = PBXNativeTarget;
			buildConfigurationList = 538DA97D2429824C00E0E7EB /* Build configuration list for PBXNativeTarget "SwiftUIByExample" */;
			buildPhases = (
				538DA9652429824A00E0E7EB /* Sources */,
				538DA9662429824A00E0E7EB /* Frameworks */,
				538DA9672429824A00E0E7EB /* Resources */,
				538DA980242983BE00E0E7EB /* Swift Format */,
			);
			buildRules = (
			);
			dependencies = (
			);
			name = SwiftUIByExample;
			productName = SwiftUIByExample;
			productReference = 538DA9692429824A00E0E7EB /* SwiftUIByExample.app */;
			productType = "com.apple.product-type.application";
		};
/* End PBXNativeTarget section */

/* Begin PBXProject section */
		538DA9612429824A00E0E7EB /* Project object */ = {
			isa = PBXProject;
			attributes = {
				LastSwiftUpdateCheck = 1130;
				LastUpgradeCheck = 1130;
				ORGANIZATIONNAME = "Andrew Erickson";
				TargetAttributes = {
					538DA9682429824A00E0E7EB = {
						CreatedOnToolsVersion = 11.3.1;
					};
				};
			};
			buildConfigurationList = 538DA9642429824A00E0E7EB /* Build configuration list for PBXProject "SwiftUIByExample" */;
			compatibilityVersion = "Xcode 9.3";
			developmentRegion = en;
			hasScannedForEncodings = 0;
			knownRegions = (
				en,
				Base,
			);
			mainGroup = 538DA9602429824A00E0E7EB;
			productRefGroup = 538DA96A2429824A00E0E7EB /* Products */;
			projectDirPath = "";
			projectRoot = "";
			targets = (
				538DA9682429824A00E0E7EB /* SwiftUIByExample */,
			);
		};
/* End PBXProject section */

/* Begin PBXResourcesBuildPhase section */
		538DA9672429824A00E0E7EB /* Resources */ = {
			isa = PBXResourcesBuildPhase;
			buildActionMask = 2147483647;
			files = (
				538DA9792429824C00E0E7EB /* LaunchScreen.storyboard in Resources */,
				538DA9762429824C00E0E7EB /* Preview Assets.xcassets in Resources */,
				538DA9732429824C00E0E7EB /* Assets.xcassets in Resources */,
			);
			runOnlyForDeploymentPostprocessing = 0;
		};
/* End PBXResourcesBuildPhase section */

/* Begin PBXShellScriptBuildPhase section */
		538DA980242983BE00E0E7EB /* Swift Format */ = {
			isa = PBXShellScriptBuildPhase;
			buildActionMask = 2147483647;
			files = (
			);
			inputFileListPaths = (
			);
			inputPaths = (
			);
			name = "Swift Format";
			outputFileListPaths = (
			);
			outputPaths = (
			);
			runOnlyForDeploymentPostprocessing = 0;
			shellPath = /bin/sh;
			shellScript = "if which swiftformat >/dev/null; then\n  swiftformat .\nelse\n  echo \"warning: SwiftFormat not installed, download from https://github.com/nicklockwood/SwiftFormat\"\nfi\n";
		};
/* End PBXShellScriptBuildPhase section */

/* Begin PBXSourcesBuildPhase section */
		538DA9652429824A00E0E7EB /* Sources */ = {
			isa = PBXSourcesBuildPhase;
			buildActionMask = 2147483647;
			files = (
				538DA96D2429824A00E0E7EB /* AppDelegate.swift in Sources */,
				53B79683242AE03500F6322A /* Color+Extension.swift in Sources */,
				53B79685242AE33400F6322A /* AddRuleView.swift in Sources */,
				538DA96F2429824A00E0E7EB /* SceneDelegate.swift in Sources */,
				53B796812429A7CC00F6322A /* ListView.swift in Sources */,
				53B7967F2429A6C900F6322A /* ListViewController.swift in Sources */,
				53B79687242AE49200F6322A /* PrimaryButton.swift in Sources */,
				538DA9712429824A00E0E7EB /* ContentView.swift in Sources */,
			);
			runOnlyForDeploymentPostprocessing = 0;
		};
/* End PBXSourcesBuildPhase section */

/* Begin PBXVariantGroup section */
		538DA9772429824C00E0E7EB /* LaunchScreen.storyboard */ = {
			isa = PBXVariantGroup;
			children = (
				538DA9782429824C00E0E7EB /* Base */,
			);
			name = LaunchScreen.storyboard;
			sourceTree = "<group>";
		};
/* End PBXVariantGroup section */

/* Begin XCBuildConfiguration section */
		538DA97B2429824C00E0E7EB /* Debug */ = {
			isa = XCBuildConfiguration;
			buildSettings = {
				ALWAYS_SEARCH_USER_PATHS = NO;
				CLANG_ANALYZER_NONNULL = YES;
				CLANG_ANALYZER_NUMBER_OBJECT_CONVERSION = YES_AGGRESSIVE;
				CLANG_CXX_LANGUAGE_STANDARD = "gnu++14";
				CLANG_CXX_LIBRARY = "libc++";
				CLANG_ENABLE_MODULES = YES;
				CLANG_ENABLE_OBJC_ARC = YES;
				CLANG_ENABLE_OBJC_WEAK = YES;
				CLANG_WARN_BLOCK_CAPTURE_AUTORELEASING = YES;
				CLANG_WARN_BOOL_CONVERSION = YES;
				CLANG_WARN_COMMA = YES;
				CLANG_WARN_CONSTANT_CONVERSION = YES;
				CLANG_WARN_DEPRECATED_OBJC_IMPLEMENTATIONS = YES;
				CLANG_WARN_DIRECT_OBJC_ISA_USAGE = YES_ERROR;
				CLANG_WARN_DOCUMENTATION_COMMENTS = YES;
				CLANG_WARN_EMPTY_BODY = YES;
				CLANG_WARN_ENUM_CONVERSION = YES;
				CLANG_WARN_INFINITE_RECURSION = YES;
				CLANG_WARN_INT_CONVERSION = YES;
				CLANG_WARN_NON_LITERAL_NULL_CONVERSION = YES;
				CLANG_WARN_OBJC_IMPLICIT_RETAIN_SELF = YES;
				CLANG_WARN_OBJC_LITERAL_CONVERSION = YES;
				CLANG_WARN_OBJC_ROOT_CLASS = YES_ERROR;
				CLANG_WARN_RANGE_LOOP_ANALYSIS = YES;
				CLANG_WARN_STRICT_PROTOTYPES = YES;
				CLANG_WARN_SUSPICIOUS_MOVE = YES;
				CLANG_WARN_UNGUARDED_AVAILABILITY = YES_AGGRESSIVE;
				CLANG_WARN_UNREACHABLE_CODE = YES;
				CLANG_WARN__DUPLICATE_METHOD_MATCH = YES;
				COPY_PHASE_STRIP = NO;
				DEBUG_INFORMATION_FORMAT = dwarf;
				ENABLE_STRICT_OBJC_MSGSEND = YES;
				ENABLE_TESTABILITY = YES;
				GCC_C_LANGUAGE_STANDARD = gnu11;
				GCC_DYNAMIC_NO_PIC = NO;
				GCC_NO_COMMON_BLOCKS = YES;
				GCC_OPTIMIZATION_LEVEL = 0;
				GCC_PREPROCESSOR_DEFINITIONS = (
					"DEBUG=1",
					"$(inherited)",
				);
				GCC_WARN_64_TO_32_BIT_CONVERSION = YES;
				GCC_WARN_ABOUT_RETURN_TYPE = YES_ERROR;
				GCC_WARN_UNDECLARED_SELECTOR = YES;
				GCC_WARN_UNINITIALIZED_AUTOS = YES_AGGRESSIVE;
				GCC_WARN_UNUSED_FUNCTION = YES;
				GCC_WARN_UNUSED_VARIABLE = YES;
				IPHONEOS_DEPLOYMENT_TARGET = 13.2;
				MTL_ENABLE_DEBUG_INFO = INCLUDE_SOURCE;
				MTL_FAST_MATH = YES;
				ONLY_ACTIVE_ARCH = YES;
				SDKROOT = iphoneos;
				SWIFT_ACTIVE_COMPILATION_CONDITIONS = DEBUG;
				SWIFT_OPTIMIZATION_LEVEL = "-Onone";
			};
			name = Debug;
		};
		538DA97C2429824C00E0E7EB /* Release */ = {
			isa = XCBuildConfiguration;
			buildSettings = {
				ALWAYS_SEARCH_USER_PATHS = NO;
				CLANG_ANALYZER_NONNULL = YES;
				CLANG_ANALYZER_NUMBER_OBJECT_CONVERSION = YES_AGGRESSIVE;
				CLANG_CXX_LANGUAGE_STANDARD = "gnu++14";
				CLANG_CXX_LIBRARY = "libc++";
				CLANG_ENABLE_MODULES = YES;
				CLANG_ENABLE_OBJC_ARC = YES;
				CLANG_ENABLE_OBJC_WEAK = YES;
				CLANG_WARN_BLOCK_CAPTURE_AUTORELEASING = YES;
				CLANG_WARN_BOOL_CONVERSION = YES;
				CLANG_WARN_COMMA = YES;
				CLANG_WARN_CONSTANT_CONVERSION = YES;
				CLANG_WARN_DEPRECATED_OBJC_IMPLEMENTATIONS = YES;
				CLANG_WARN_DIRECT_OBJC_ISA_USAGE = YES_ERROR;
				CLANG_WARN_DOCUMENTATION_COMMENTS = YES;
				CLANG_WARN_EMPTY_BODY = YES;
				CLANG_WARN_ENUM_CONVERSION = YES;
				CLANG_WARN_INFINITE_RECURSION = YES;
				CLANG_WARN_INT_CONVERSION = YES;
				CLANG_WARN_NON_LITERAL_NULL_CONVERSION = YES;
				CLANG_WARN_OBJC_IMPLICIT_RETAIN_SELF = YES;
				CLANG_WARN_OBJC_LITERAL_CONVERSION = YES;
				CLANG_WARN_OBJC_ROOT_CLASS = YES_ERROR;
				CLANG_WARN_RANGE_LOOP_ANALYSIS = YES;
				CLANG_WARN_STRICT_PROTOTYPES = YES;
				CLANG_WARN_SUSPICIOUS_MOVE = YES;
				CLANG_WARN_UNGUARDED_AVAILABILITY = YES_AGGRESSIVE;
				CLANG_WARN_UNREACHABLE_CODE = YES;
				CLANG_WARN__DUPLICATE_METHOD_MATCH = YES;
				COPY_PHASE_STRIP = NO;
				DEBUG_INFORMATION_FORMAT = "dwarf-with-dsym";
				ENABLE_NS_ASSERTIONS = NO;
				ENABLE_STRICT_OBJC_MSGSEND = YES;
				GCC_C_LANGUAGE_STANDARD = gnu11;
				GCC_NO_COMMON_BLOCKS = YES;
				GCC_WARN_64_TO_32_BIT_CONVERSION = YES;
				GCC_WARN_ABOUT_RETURN_TYPE = YES_ERROR;
				GCC_WARN_UNDECLARED_SELECTOR = YES;
				GCC_WARN_UNINITIALIZED_AUTOS = YES_AGGRESSIVE;
				GCC_WARN_UNUSED_FUNCTION = YES;
				GCC_WARN_UNUSED_VARIABLE = YES;
				IPHONEOS_DEPLOYMENT_TARGET = 13.2;
				MTL_ENABLE_DEBUG_INFO = NO;
				MTL_FAST_MATH = YES;
				SDKROOT = iphoneos;
				SWIFT_COMPILATION_MODE = wholemodule;
				SWIFT_OPTIMIZATION_LEVEL = "-O";
				VALIDATE_PRODUCT = YES;
			};
			name = Release;
		};
		538DA97E2429824C00E0E7EB /* Debug */ = {
			isa = XCBuildConfiguration;
			buildSettings = {
				ASSETCATALOG_COMPILER_APPICON_NAME = AppIcon;
				CODE_SIGN_STYLE = Automatic;
				DEVELOPMENT_ASSET_PATHS = "\"SwiftUIByExample/Preview Content\"";
				DEVELOPMENT_TEAM = AM7JW84RW4;
				ENABLE_PREVIEWS = YES;
				INFOPLIST_FILE = SwiftUIByExample/Info.plist;
				LD_RUNPATH_SEARCH_PATHS = (
					"$(inherited)",
					"@executable_path/Frameworks",
				);
				PRODUCT_BUNDLE_IDENTIFIER = com.aerickson.SwiftUIByExample;
				PRODUCT_NAME = "$(TARGET_NAME)";
				SWIFT_VERSION = 5.0;
				TARGETED_DEVICE_FAMILY = "1,2";
			};
			name = Debug;
		};
		538DA97F2429824C00E0E7EB /* Release */ = {
			isa = XCBuildConfiguration;
			buildSettings = {
				ASSETCATALOG_COMPILER_APPICON_NAME = AppIcon;
				CODE_SIGN_STYLE = Automatic;
				DEVELOPMENT_ASSET_PATHS = "\"SwiftUIByExample/Preview Content\"";
				DEVELOPMENT_TEAM = AM7JW84RW4;
				ENABLE_PREVIEWS = YES;
				INFOPLIST_FILE = SwiftUIByExample/Info.plist;
				LD_RUNPATH_SEARCH_PATHS = (
					"$(inherited)",
					"@executable_path/Frameworks",
				);
				PRODUCT_BUNDLE_IDENTIFIER = com.aerickson.SwiftUIByExample;
				PRODUCT_NAME = "$(TARGET_NAME)";
				SWIFT_VERSION = 5.0;
				TARGETED_DEVICE_FAMILY = "1,2";
			};
			name = Release;
		};
/* End XCBuildConfiguration section */

/* Begin XCConfigurationList section */
		538DA9642429824A00E0E7EB /* Build configuration list for PBXProject "SwiftUIByExample" */ = {
			isa = XCConfigurationList;
			buildConfigurations = (
				538DA97B2429824C00E0E7EB /* Debug */,
				538DA97C2429824C00E0E7EB /* Release */,
			);
			defaultConfigurationIsVisible = 0;
			defaultConfigurationName = Release;
		};
		538DA97D2429824C00E0E7EB /* Build configuration list for PBXNativeTarget "SwiftUIByExample" */ = {
			isa = XCConfigurationList;
			buildConfigurations = (
				538DA97E2429824C00E0E7EB /* Debug */,
				538DA97F2429824C00E0E7EB /* Release */,
			);
			defaultConfigurationIsVisible = 0;
			defaultConfigurationName = Release;
		};
/* End XCConfigurationList section */
	};
	rootObject = 538DA9612429824A00E0E7EB /* Project object */;
}
